
Microsoft Visual Studio Solution File, Format Version 12.00
# Visual Studio Version 17
VisualStudioVersion = 17.0.31903.59
MinimumVisualStudioVersion = 10.0.40219.1
Project("{9A19103F-16F7-4668-BE54-9A1E7A4F7556}") = "MetaTruso", "MetaTruso\MetaTruso.csproj", "{D1F28AB2-146A-4404-8863-4E58E2028352}"
EndProject
Project("{FAE04EC0-301F-11D3-BF4B-00C04F79EFBC}") = "MetaTrusoClient", "MetaTrusoClient\MetaTrusoClient.csproj", "{ACD1769F-B178-4967-8BDA-B570C9199533}"
EndProject
Global
	GlobalSection(SolutionConfigurationPlatforms) = preSolution
		Debug|Any CPU = Debug|Any CPU
		Release|Any CPU = Release|Any CPU
	EndGlobalSection
	GlobalSection(ProjectConfigurationPlatforms) = postSolution
		{D1F28AB2-146A-4404-8863-4E58E2028352}.Debug|Any CPU.ActiveCfg = Debug|Any CPU
		{D1F28AB2-146A-4404-8863-4E58E2028352}.Debug|Any CPU.Build.0 = Debug|Any CPU
		{D1F28AB2-146A-4404-8863-4E58E2028352}.Release|Any CPU.ActiveCfg = Release|Any CPU
		{D1F28AB2-146A-4404-8863-4E58E2028352}.Release|Any CPU.Build.0 = Release|Any CPU
		{ACD1769F-B178-4967-8BDA-B570C9199533}.Debug|Any CPU.ActiveCfg = Debug|Any CPU
		{ACD1769F-B178-4967-8BDA-B570C9199533}.Debug|Any CPU.Build.0 = Debug|Any CPU
		{ACD1769F-B178-4967-8BDA-B570C9199533}.Release|Any CPU.ActiveCfg = Release|Any CPU
		{ACD1769F-B178-4967-8BDA-B570C9199533}.Release|Any CPU.Build.0 = Release|Any CPU
	EndGlobalSection
	GlobalSection(SolutionProperties) = preSolution
		HideSolutionNode = FALSE
	EndGlobalSection
	GlobalSection(ExtensibilityGlobals) = postSolution
		SolutionGuid = {82261B1A-A98B-46A8-8DB7-C562DBFE5A4F}
	EndGlobalSection
EndGlobal
